Microsoft Visual Studio Solution File, Format Version 12.00
# Visual Studio Version 17
VisualStudioVersion = 17.5.2.0
MinimumVisualStudioVersion = 10.0.40219.1
Project("{FAE04EC0-301F-11D3-BF4B-00C04F79EFBC}") = "MarketPriceApi", "MarketPriceApi.csproj", "{34F1D1F3-DA48-A2BA-26B5-3CAC11EC26F9}"
EndProject
Global
	GlobalSection(SolutionConfigurationPlatforms) = preSolution
		Debug|Any CPU = Debug|Any CPU
		Release|Any CPU = Release|Any CPU
	EndGlobalSection
	GlobalSection(ProjectConfigurationPlatforms) = postSolution
		{34F1D1F3-DA48-A2BA-26B5-3CAC11EC26F9}.Debug|Any CPU.ActiveCfg = Debug|Any CPU
		{34F1D1F3-DA48-A2BA-26B5-3CAC11EC26F9}.Debug|Any CPU.Build.0 = Debug|Any CPU
		{34F1D1F3-DA48-A2BA-26B5-3CAC11EC26F9}.Release|Any CPU.ActiveCfg = Release|Any CPU
		{34F1D1F3-DA48-A2BA-26B5-3CAC11EC26F9}.Release|Any CPU.Build.0 = Release|Any CPU
	EndGlobalSection
	GlobalSection(SolutionProperties) = preSolution
		HideSolutionNode = FALSE
	EndGlobalSection
	GlobalSection(ExtensibilityGlobals) = postSolution
		SolutionGuid = {552FA4BD-086A-4DC2-8BD3-BE69775ED21B}
	EndGlobalSection
EndGlobal
